
Microsoft Visual Studio Solution File, Format Version 12.00
# Visual Studio Version 17
VisualStudioVersion = 17.5.33424.131
MinimumVisualStudioVersion = 10.0.40219.1
Project("{FAE04EC0-301F-11D3-BF4B-00C04F79EFBC}") = "MisPrimerosPasos.Api", "MisPrimerosPasos.Api\MisPrimerosPasos.Api.csproj", "{DCC5212B-320E-447F-91D5-BB708231DD6A}"
EndProject
Project("{FAE04EC0-301F-11D3-BF4B-00C04F79EFBC}") = "MisPrimerosPasos.Entity", "MisPrimerosPasosEntytis\MisPrimerosPasos.Entity.csproj", "{8791E5FA-8AE0-4A83-9174-476B8B13F793}"
EndProject
Project("{FAE04EC0-301F-11D3-BF4B-00C04F79EFBC}") = "MisPrimerosPasos.Repository", "MisPrimerosPasos.Repository\MisPrimerosPasos.Repository.csproj", "{B64D3167-9CE1-45E8-A668-7455D2074E55}"
EndProject
Project("{FAE04EC0-301F-11D3-BF4B-00C04F79EFBC}") = "MisPrimerosPasos.Application", "MisPrimerosPasos.Application\MisPrimerosPasos.Application.csproj", "{CDAC799D-3E4E-4587-867D-5B88F3797EB3}"
EndProject
Global
	GlobalSection(SolutionConfigurationPlatforms) = preSolution
		Debug|Any CPU = Debug|Any CPU
		Release|Any CPU = Release|Any CPU
	EndGlobalSection
	GlobalSection(ProjectConfigurationPlatforms) = postSolution
		{DCC5212B-320E-447F-91D5-BB708231DD6A}.Debug|Any CPU.ActiveCfg = Debug|Any CPU
		{DCC5212B-320E-447F-91D5-BB708231DD6A}.Debug|Any CPU.Build.0 = Debug|Any CPU
		{DCC5212B-320E-447F-91D5-BB708231DD6A}.Release|Any CPU.ActiveCfg = Release|Any CPU
		{DCC5212B-320E-447F-91D5-BB708231DD6A}.Release|Any CPU.Build.0 = Release|Any CPU
		{8791E5FA-8AE0-4A83-9174-476B8B13F793}.Debug|Any CPU.ActiveCfg = Debug|Any CPU
		{8791E5FA-8AE0-4A83-9174-476B8B13F793}.Debug|Any CPU.Build.0 = Debug|Any CPU
		{8791E5FA-8AE0-4A83-9174-476B8B13F793}.Release|Any CPU.ActiveCfg = Release|Any CPU
		{8791E5FA-8AE0-4A83-9174-476B8B13F793}.Release|Any CPU.Build.0 = Release|Any CPU
		{B64D3167-9CE1-45E8-A668-7455D2074E55}.Debug|Any CPU.ActiveCfg = Debug|Any CPU
		{B64D3167-9CE1-45E8-A668-7455D2074E55}.Debug|Any CPU.Build.0 = Debug|Any CPU
		{B64D3167-9CE1-45E8-A668-7455D2074E55}.Release|Any CPU.ActiveCfg = Release|Any CPU
		{B64D3167-9CE1-45E8-A668-7455D2074E55}.Release|Any CPU.Build.0 = Release|Any CPU
		{CDAC799D-3E4E-4587-867D-5B88F3797EB3}.Debug|Any CPU.ActiveCfg = Debug|Any CPU
		{CDAC799D-3E4E-4587-867D-5B88F3797EB3}.Debug|Any CPU.Build.0 = Debug|Any CPU
		{CDAC799D-3E4E-4587-867D-5B88F3797EB3}.Release|Any CPU.ActiveCfg = Release|Any CPU
		{CDAC799D-3E4E-4587-867D-5B88F3797EB3}.Release|Any CPU.Build.0 = Release|Any CPU
	EndGlobalSection
	GlobalSection(SolutionProperties) = preSolution
		HideSolutionNode = FALSE
	EndGlobalSection
	GlobalSection(ExtensibilityGlobals) = postSolution
		SolutionGuid = {753833AF-1758-4FDA-B8A9-6020A965B0AD}
	EndGlobalSection
EndGlobal
